
Microsoft Visual Studio Solution File, Format Version 12.00
# Visual Studio 15
VisualStudioVersion = 15.0.27703.2018
MinimumVisualStudioVersion = 10.0.40219.1
Project("{FAE04EC0-301F-11D3-BF4B-00C04F79EFBC}") = "Xsi0", "Xsi0\Xsi0.csproj", "{ED9440D4-22EA-4A44-BE9C-DE38C1047CBB}"
EndProject
Global
	GlobalSection(SolutionConfigurationPlatforms) = preSolution
		Debug|Any CPU = Debug|Any CPU
		Release|Any CPU = Release|Any CPU
	EndGlobalSection
	GlobalSection(ProjectConfigurationPlatforms) = postSolution
		{ED9440D4-22EA-4A44-BE9C-DE38C1047CBB}.Debug|Any CPU.ActiveCfg = Debug|Any CPU
		{ED9440D4-22EA-4A44-BE9C-DE38C1047CBB}.Debug|Any CPU.Build.0 = Debug|Any CPU
		{ED9440D4-22EA-4A44-BE9C-DE38C1047CBB}.Release|Any CPU.ActiveCfg = Release|Any CPU
		{ED9440D4-22EA-4A44-BE9C-DE38C1047CBB}.Release|Any CPU.Build.0 = Release|Any CPU
	EndGlobalSection
	GlobalSection(SolutionProperties) = preSolution
		HideSolutionNode = FALSE
	EndGlobalSection
	GlobalSection(ExtensibilityGlobals) = postSolution
		SolutionGuid = {7DFE2B72-1C0E-40FE-A7E9-577FD801CEB8}
	EndGlobalSection
EndGlobal
